// !$*UTF8*$!
{
	archiveVersion = 1;
	classes = {
	};
	objectVersion = 46;
	objects = {

/* Begin PBXBuildFile section */
		FC4F09A51D1901D20016D984 /* main.m in Sources */ = {isa = PBXBuildFile; fileRef = FC4F09A41D1901D20016D984 /* main.m */; };
		FC4F09A81D1901D20016D984 /* AppDelegate.m in Sources */ = {isa = PBXBuildFile; fileRef = FC4F09A71D1901D20016D984 /* AppDelegate.m */; };
		FC4F09AB1D1901D20016D984 /* ViewController.m in Sources */ = {isa = PBXBuildFile; fileRef = FC4F09AA1D1901D20016D984 /* ViewController.m */; };
		FC4F09AE1D1901D20016D984 /* Main.storyboard in Resources */ = {isa = PBXBuildFile; fileRef = FC4F09AC1D1901D20016D984 /* Main.storyboard */; };
		FC4F09B01D1901D20016D984 /* Assets.xcassets in Resources */ = {isa = PBXBuildFile; fileRef = FC4F09AF1D1901D20016D984 /* Assets.xcassets */; };
		FC4F09B31D1901D20016D984 /* LaunchScreen.storyboard in Resources */ = {isa = PBXBuildFile; fileRef = FC4F09B11D1901D20016D984 /* LaunchScreen.storyboard */; };
		FC4F09BE1D1901D20016D984 /* NewsFeedTests.m in Sources */ = {isa = PBXBuildFile; fileRef = FC4F09BD1D1901D20016D984 /* NewsFeedTests.m */; };
		FC4F09C91D1901D20016D984 /* NewsFeedUITests.m in Sources */ = {isa = PBXBuildFile; fileRef = FC4F09C81D1901D20016D984 /* NewsFeedUITests.m */; };
/* End PBXBuildFile section */

/* Begin PBXContainerItemProxy section */
		FC4F09BA1D1901D20016D984 /* PBXContainerItemProxy */ = {
			isa = PBXContainerItemProxy;
			containerPortal = FC4F09981D1901D10016D984 /* Project object */;
			proxyType = 1;
			remoteGlobalIDString = FC4F099F1D1901D10016D984;
			remoteInfo = NewsFeed;
		};
		FC4F09C51D1901D20016D984 /* PBXContainerItemProxy */ = {
			isa = PBXContainerItemProxy;
			containerPortal = FC4F09981D1901D10016D984 /* Project object */;
			proxyType = 1;
			remoteGlobalIDString = FC4F099F1D1901D10016D984;
			remoteInfo = NewsFeed;
		};
/* End PBXContainerItemProxy section */

/* Begin PBXFileReference section */
		FC4F09A01D1901D10016D984 /* NewsFeed.app */ = {isa = PBXFileReference; explicitFileType = wrapper.application; includeInIndex = 0; path = NewsFeed.app; sourceTree = BUILT_PRODUCTS_DIR; };
		FC4F09A41D1901D20016D984 /* main.m */ = {isa = PBXFileReference; lastKnownFileType = sourcecode.c.objc; path = main.m; sourceTree = "<group>"; };
		FC4F09A61D1901D20016D984 /* AppDelegate.h */ = {isa = PBXFileReference; lastKnownFileType = sourcecode.c.h; path = AppDelegate.h; sourceTree = "<group>"; };
		FC4F09A71D1901D20016D984 /* AppDelegate.m */ = {isa = PBXFileReference; lastKnownFileType = sourcecode.c.objc; path = AppDelegate.m; sourceTree = "<group>"; };
		FC4F09A91D1901D20016D984 /* ViewController.h */ = {isa = PBXFileReference; lastKnownFileType = sourcecode.c.h; path = ViewController.h; sourceTree = "<group>"; };
		FC4F09AA1D1901D20016D984 /* ViewController.m */ = {isa = PBXFileReference; lastKnownFileType = sourcecode.c.objc; path = ViewController.m; sourceTree = "<group>"; };
		FC4F09AD1D1901D20016D984 /* Base */ = {isa = PBXFileReference; lastKnownFileType = file.storyboard; name = Base; path = Base.lproj/Main.storyboard; sourceTree = "<group>"; };
		FC4F09AF1D1901D20016D984 /* Assets.xcassets */ = {isa = PBXFileReference; lastKnownFileType = folder.assetcatalog; path = Assets.xcassets; sourceTree = "<group>"; };
		FC4F09B21D1901D20016D984 /* Base */ = {isa = PBXFileReference; lastKnownFileType = file.storyboard; name = Base; path = Base.lproj/LaunchScreen.storyboard; sourceTree = "<group>"; };
		FC4F09B41D1901D20016D984 /* Info.plist */ = {isa = PBXFileReference; lastKnownFileType = text.plist.xml; path = Info.plist; sourceTree = "<group>"; };
		FC4F09B91D1901D20016D984 /* NewsFeedTests.xctest */ = {isa = PBXFileReference; explicitFileType = wrapper.cfbundle; includeInIndex = 0; path = NewsFeedTests.xctest; sourceTree = BUILT_PRODUCTS_DIR; };
		FC4F09BD1D1901D20016D984 /* NewsFeedTests.m */ = {isa = PBXFileReference; lastKnownFileType = sourcecode.c.objc; path = NewsFeedTests.m; sourceTree = "<group>"; };
		FC4F09BF1D1901D20016D984 /* Info.plist */ = {isa = PBXFileReference; lastKnownFileType = text.plist.xml; path = Info.plist; sourceTree = "<group>"; };
		FC4F09C41D1901D20016D984 /* NewsFeedUITests.xctest */ = {isa = PBXFileReference; explicitFileType = wrapper.cfbundle; includeInIndex = 0; path = NewsFeedUITests.xctest; sourceTree = BUILT_PRODUCTS_DIR; };
		FC4F09C81D1901D20016D984 /* NewsFeedUITests.m */ = {isa = PBXFileReference; lastKnownFileType = sourcecode.c.objc; path = NewsFeedUITests.m; sourceTree = "<group>"; };
		FC4F09CA1D1901D20016D984 /* Info.plist */ = {isa = PBXFileReference; lastKnownFileType = text.plist.xml; path = Info.plist; sourceTree = "<group>"; };
/* End PBXFileReference section */

/* Begin PBXFrameworksBuildPhase section */
		FC4F099D1D1901D10016D984 /* Frameworks */ = {
			isa = PBXFrameworksBuildPhase;
			buildActionMask = 2147483647;
			files = (
			);
			runOnlyForDeploymentPostprocessing = 0;
		};
		FC4F09B61D1901D20016D984 /* Frameworks */ = {
			isa = PBXFrameworksBuildPhase;
			buildActionMask = 2147483647;
			files = (
			);
			runOnlyForDeploymentPostprocessing = 0;
		};
		FC4F09C11D1901D20016D984 /* Frameworks */ = {
			isa = PBXFrameworksBuildPhase;
			buildActionMask = 2147483647;
			files = (
			);
			runOnlyForDeploymentPostprocessing = 0;
		};
/* End PBXFrameworksBuildPhase section */

/* Begin PBXGroup section */
		FC4F09971D1901D10016D984 = {
			isa = PBXGroup;
			children = (
				FC4F09A21D1901D20016D984 /* NewsFeed */,
				FC4F09BC1D1901D20016D984 /* NewsFeedTests */,
				FC4F09C71D1901D20016D984 /* NewsFeedUITests */,
				FC4F09A11D1901D10016D984 /* Products */,
			);
			sourceTree = "<group>";
		};
		FC4F09A11D1901D10016D984 /* Products */ = {
			isa = PBXGroup;
			children = (
				FC4F09A01D1901D10016D984 /* NewsFeed.app */,
				FC4F09B91D1901D20016D984 /* NewsFeedTests.xctest */,
				FC4F09C41D1901D20016D984 /* NewsFeedUITests.xctest */,
			);
			name = Products;
			sourceTree = "<group>";
		};
		FC4F09A21D1901D20016D984 /* NewsFeed */ = {
			isa = PBXGroup;
			children = (
				FC4F09A61D1901D20016D984 /* AppDelegate.h */,
				FC4F09A71D1901D20016D984 /* AppDelegate.m */,
				FC4F09A91D1901D20016D984 /* ViewController.h */,
				FC4F09AA1D1901D20016D984 /* ViewController.m */,
				FC4F09AC1D1901D20016D984 /* Main.storyboard */,
				FC4F09AF1D1901D20016D984 /* Assets.xcassets */,
				FC4F09B11D1901D20016D984 /* LaunchScreen.storyboard */,
				FC4F09B41D1901D20016D984 /* Info.plist */,
				FC4F09A31D1901D20016D984 /* Supporting Files */,
			);
			path = NewsFeed;
			sourceTree = "<group>";
		};
		FC4F09A31D1901D20016D984 /* Supporting Files */ = {
			isa = PBXGroup;
			children = (
				FC4F09A41D1901D20016D984 /* main.m */,
			);
			name = "Supporting Files";
			sourceTree = "<group>";
		};
		FC4F09BC1D1901D20016D984 /* NewsFeedTests */ = {
			isa = PBXGroup;
			children = (
				FC4F09BD1D1901D20016D984 /* NewsFeedTests.m */,
				FC4F09BF1D1901D20016D984 /* Info.plist */,
			);
			path = NewsFeedTests;
			sourceTree = "<group>";
		};
		FC4F09C71D1901D20016D984 /* NewsFeedUITests */ = {
			isa = PBXGroup;
			children = (
				FC4F09C81D1901D20016D984 /* NewsFeedUITests.m */,
				FC4F09CA1D1901D20016D984 /* Info.plist */,
			);
			path = NewsFeedUITests;
			sourceTree = "<group>";
		};
/* End PBXGroup section */

/* Begin PBXNativeTarget section */
		FC4F099F1D1901D10016D984 /* NewsFeed */ = {
			isa = PBXNativeTarget;
			buildConfigurationList = FC4F09CD1D1901D20016D984 /* Build configuration list for PBXNativeTarget "NewsFeed" */;
			buildPhases = (
				FC4F099C1D1901D10016D984 /* Sources */,
				FC4F099D1D1901D10016D984 /* Frameworks */,
				FC4F099E1D1901D10016D984 /* Resources */,
			);
			buildRules = (
			);
			dependencies = (
			);
			name = NewsFeed;
			productName = NewsFeed;
			productReference = FC4F09A01D1901D10016D984 /* NewsFeed.app */;
			productType = "com.apple.product-type.application";
		};
		FC4F09B81D1901D20016D984 /* NewsFeedTests */ = {
			isa = PBXNativeTarget;
			buildConfigurationList = FC4F09D01D1901D20016D984 /* Build configuration list for PBXNativeTarget "NewsFeedTests" */;
			buildPhases = (
				FC4F09B51D1901D20016D984 /* Sources */,
				FC4F09B61D1901D20016D984 /* Frameworks */,
				FC4F09B71D1901D20016D984 /* Resources */,
			);
			buildRules = (
			);
			dependencies = (
				FC4F09BB1D1901D20016D984 /* PBXTargetDependency */,
			);
			name = NewsFeedTests;
			productName = NewsFeedTests;
			productReference = FC4F09B91D1901D20016D984 /* NewsFeedTests.xctest */;
			productType = "com.apple.product-type.bundle.unit-test";
		};
		FC4F09C31D1901D20016D984 /* NewsFeedUITests */ = {
			isa = PBXNativeTarget;
			buildConfigurationList = FC4F09D31D1901D20016D984 /* Build configuration list for PBXNativeTarget "NewsFeedUITests" */;
			buildPhases = (
				FC4F09C01D1901D20016D984 /* Sources */,
				FC4F09C11D1901D20016D984 /* Frameworks */,
				FC4F09C21D1901D20016D984 /* Resources */,
			);
			buildRules = (
			);
			dependencies = (
				FC4F09C61D1901D20016D984 /* PBXTargetDependency */,
			);
			name = NewsFeedUITests;
			productName = NewsFeedUITests;
			productReference = FC4F09C41D1901D20016D984 /* NewsFeedUITests.xctest */;
			productType = "com.apple.product-type.bundle.ui-testing";
		};
/* End PBXNativeTarget section */

/* Begin PBXProject section */
		FC4F09981D1901D10016D984 /* Project object */ = {
			isa = PBXProject;
			attributes = {
				LastUpgradeCheck = 0730;
				ORGANIZATIONNAME = "Gnatyuk Ivan";
				TargetAttributes = {
					FC4F099F1D1901D10016D984 = {
						CreatedOnToolsVersion = 7.3.1;
					};
					FC4F09B81D1901D20016D984 = {
						CreatedOnToolsVersion = 7.3.1;
						TestTargetID = FC4F099F1D1901D10016D984;
					};
					FC4F09C31D1901D20016D984 = {
						CreatedOnToolsVersion = 7.3.1;
						TestTargetID = FC4F099F1D1901D10016D984;
					};
				};
			};
			buildConfigurationList = FC4F099B1D1901D10016D984 /* Build configuration list for PBXProject "NewsFeed" */;
			compatibilityVersion = "Xcode 3.2";
			developmentRegion = English;
			hasScannedForEncodings = 0;
			knownRegions = (
				en,
				Base,
			);
			mainGroup = FC4F09971D1901D10016D984;
			productRefGroup = FC4F09A11D1901D10016D984 /* Products */;
			projectDirPath = "";
			projectRoot = "";
			targets = (
				FC4F099F1D1901D10016D984 /* NewsFeed */,
				FC4F09B81D1901D20016D984 /* NewsFeedTests */,
				FC4F09C31D1901D20016D984 /* NewsFeedUITests */,
			);
		};
/* End PBXProject section */

/* Begin PBXResourcesBuildPhase section */
		FC4F099E1D1901D10016D984 /* Resources */ = {
			isa = PBXResourcesBuildPhase;
			buildActionMask = 2147483647;
			files = (
				FC4F09B31D1901D20016D984 /* LaunchScreen.storyboard in Resources */,
				FC4F09B01D1901D20016D984 /* Assets.xcassets in Resources */,
				FC4F09AE1D1901D20016D984 /* Main.storyboard in Resources */,
			);
			runOnlyForDeploymentPostprocessing = 0;
		};
		FC4F09B71D1901D20016D984 /* Resources */ = {
			isa = PBXResourcesBuildPhase;
			buildActionMask = 2147483647;
			files = (
			);
			runOnlyForDeploymentPostprocessing = 0;
		};
		FC4F09C21D1901D20016D984 /* Resources */ = {
			isa = PBXResourcesBuildPhase;
			buildActionMask = 2147483647;
			files = (
			);
			runOnlyForDeploymentPostprocessing = 0;
		};
/* End PBXResourcesBuildPhase section */

/* Begin PBXSourcesBuildPhase section */
		FC4F099C1D1901D10016D984 /* Sources */ = {
			isa = PBXSourcesBuildPhase;
			buildActionMask = 2147483647;
			files = (
				FC4F09AB1D1901D20016D984 /* ViewController.m in Sources */,
				FC4F09A81D1901D20016D984 /* AppDelegate.m in Sources */,
				FC4F09A51D1901D20016D984 /* main.m in Sources */,
			);
			runOnlyForDeploymentPostprocessing = 0;
		};
		FC4F09B51D1901D20016D984 /* Sources */ = {
			isa = PBXSourcesBuildPhase;
			buildActionMask = 2147483647;
			files = (
				FC4F09BE1D1901D20016D984 /* NewsFeedTests.m in Sources */,
			);
			runOnlyForDeploymentPostprocessing = 0;
		};
		FC4F09C01D1901D20016D984 /* Sources */ = {
			isa = PBXSourcesBuildPhase;
			buildActionMask = 2147483647;
			files = (
				FC4F09C91D1901D20016D984 /* NewsFeedUITests.m in Sources */,
			);
			runOnlyForDeploymentPostprocessing = 0;
		};
/* End PBXSourcesBuildPhase section */

/* Begin PBXTargetDependency section */
		FC4F09BB1D1901D20016D984 /* PBXTargetDependency */ = {
			isa = PBXTargetDependency;
			target = FC4F099F1D1901D10016D984 /* NewsFeed */;
			targetProxy = FC4F09BA1D1901D20016D984 /* PBXContainerItemProxy */;
		};
		FC4F09C61D1901D20016D984 /* PBXTargetDependency */ = {
			isa = PBXTargetDependency;
			target = FC4F099F1D1901D10016D984 /* NewsFeed */;
			targetProxy = FC4F09C51D1901D20016D984 /* PBXContainerItemProxy */;
		};
/* End PBXTargetDependency section */

/* Begin PBXVariantGroup section */
		FC4F09AC1D1901D20016D984 /* Main.storyboard */ = {
			isa = PBXVariantGroup;
			children = (
				FC4F09AD1D1901D20016D984 /* Base */,
			);
			name = Main.storyboard;
			sourceTree = "<group>";
		};
		FC4F09B11D1901D20016D984 /* LaunchScreen.storyboard */ = {
			isa = PBXVariantGroup;
			children = (
				FC4F09B21D1901D20016D984 /* Base */,
			);
			name = LaunchScreen.storyboard;
			sourceTree = "<group>";
		};
/* End PBXVariantGroup section */

/* Begin XCBuildConfiguration section */
		FC4F09CB1D1901D20016D984 /* Debug */ = {
			isa = XCBuildConfiguration;
			buildSettings = {
				ALWAYS_SEARCH_USER_PATHS = NO;
				CLANG_ANALYZER_NONNULL = YES;
				CLANG_CXX_LANGUAGE_STANDARD = "gnu++0x";
				CLANG_CXX_LIBRARY = "libc++";
				CLANG_ENABLE_MODULES = YES;
				CLANG_ENABLE_OBJC_ARC = YES;
				CLANG_WARN_BOOL_CONVERSION = YES;
				CLANG_WARN_CONSTANT_CONVERSION = YES;
				CLANG_WARN_DIRECT_OBJC_ISA_USAGE = YES_ERROR;
				CLANG_WARN_EMPTY_BODY = YES;
				CLANG_WARN_ENUM_CONVERSION = YES;
				CLANG_WARN_INT_CONVERSION = YES;
				CLANG_WARN_OBJC_ROOT_CLASS = YES_ERROR;
				CLANG_WARN_UNREACHABLE_CODE = YES;
				CLANG_WARN__DUPLICATE_METHOD_MATCH = YES;
				"CODE_SIGN_IDENTITY[sdk=iphoneos*]" = "iPhone Developer";
				COPY_PHASE_STRIP = NO;
				DEBUG_INFORMATION_FORMAT = dwarf;
				ENABLE_STRICT_OBJC_MSGSEND = YES;
				ENABLE_TESTABILITY = YES;
				GCC_C_LANGUAGE_STANDARD = gnu99;
				GCC_DYNAMIC_NO_PIC = NO;
				GCC_NO_COMMON_BLOCKS = YES;
				GCC_OPTIMIZATION_LEVEL = 0;
				GCC_PREPROCESSOR_DEFINITIONS = (
					"DEBUG=1",
					"$(inherited)",
				);
				GCC_WARN_64_TO_32_BIT_CONVERSION = YES;
				GCC_WARN_ABOUT_RETURN_TYPE = YES_ERROR;
				GCC_WARN_UNDECLARED_SELECTOR = YES;
				GCC_WARN_UNINITIALIZED_AUTOS = YES_AGGRESSIVE;
				GCC_WARN_UNUSED_FUNCTION = YES;
				GCC_WARN_UNUSED_VARIABLE = YES;
				IPHONEOS_DEPLOYMENT_TARGET = 9.3;
				MTL_ENABLE_DEBUG_INFO = YES;
				ONLY_ACTIVE_ARCH = YES;
				SDKROOT = iphoneos;
				TARGETED_DEVICE_FAMILY = "1,2";
			};
			name = Debug;
		};
		FC4F09CC1D1901D20016D984 /* Release */ = {
			isa = XCBuildConfiguration;
			buildSettings = {
				ALWAYS_SEARCH_USER_PATHS = NO;
				CLANG_ANALYZER_NONNULL = YES;
				CLANG_CXX_LANGUAGE_STANDARD = "gnu++0x";
				CLANG_CXX_LIBRARY = "libc++";
				CLANG_ENABLE_MODULES = YES;
				CLANG_ENABLE_OBJC_ARC = YES;
				CLANG_WARN_BOOL_CONVERSION = YES;
				CLANG_WARN_CONSTANT_CONVERSION = YES;
				CLANG_WARN_DIRECT_OBJC_ISA_USAGE = YES_ERROR;
				CLANG_WARN_EMPTY_BODY = YES;
				CLANG_WARN_ENUM_CONVERSION = YES;
				CLANG_WARN_INT_CONVERSION = YES;
				CLANG_WARN_OBJC_ROOT_CLASS = YES_ERROR;
				CLANG_WARN_UNREACHABLE_CODE = YES;
				CLANG_WARN__DUPLICATE_METHOD_MATCH = YES;
				"CODE_SIGN_IDENTITY[sdk=iphoneos*]" = "iPhone Developer";
				COPY_PHASE_STRIP = NO;
				DEBUG_INFORMATION_FORMAT = "dwarf-with-dsym";
				ENABLE_NS_ASSERTIONS = NO;
				ENABLE_STRICT_OBJC_MSGSEND = YES;
				GCC_C_LANGUAGE_STANDARD = gnu99;
				GCC_NO_COMMON_BLOCKS = YES;
				GCC_WARN_64_TO_32_BIT_CONVERSION = YES;
				GCC_WARN_ABOUT_RETURN_TYPE = YES_ERROR;
				GCC_WARN_UNDECLARED_SELECTOR = YES;
				GCC_WARN_UNINITIALIZED_AUTOS = YES_AGGRESSIVE;
				GCC_WARN_UNUSED_FUNCTION = YES;
				GCC_WARN_UNUSED_VARIABLE = YES;
				IPHONEOS_DEPLOYMENT_TARGET = 9.3;
				MTL_ENABLE_DEBUG_INFO = NO;
				SDKROOT = iphoneos;
				TARGETED_DEVICE_FAMILY = "1,2";
				VALIDATE_PRODUCT = YES;
			};
			name = Release;
		};
		FC4F09CE1D1901D20016D984 /* Debug */ = {
			isa = XCBuildConfiguration;
			buildSettings = {
				ASSETCATALOG_COMPILER_APPICON_NAME = AppIcon;
				INFOPLIST_FILE = NewsFeed/Info.plist;
				LD_RUNPATH_SEARCH_PATHS = "$(inherited) @executable_path/Frameworks";
				PRODUCT_BUNDLE_IDENTIFIER = com.daleijn.NewsFeed;
				PRODUCT_NAME = "$(TARGET_NAME)";
			};
			name = Debug;
		};
		FC4F09CF1D1901D20016D984 /* Release */ = {
			isa = XCBuildConfiguration;
			buildSettings = {
				ASSETCATALOG_COMPILER_APPICON_NAME = AppIcon;
				INFOPLIST_FILE = NewsFeed/Info.plist;
				LD_RUNPATH_SEARCH_PATHS = "$(inherited) @executable_path/Frameworks";
				PRODUCT_BUNDLE_IDENTIFIER = com.daleijn.NewsFeed;
				PRODUCT_NAME = "$(TARGET_NAME)";
			};
			name = Release;
		};
		FC4F09D11D1901D20016D984 /* Debug */ = {
			isa = XCBuildConfiguration;
			buildSettings = {
				BUNDLE_LOADER = "$(TEST_HOST)";
				INFOPLIST_FILE = NewsFeedTests/Info.plist;
				LD_RUNPATH_SEARCH_PATHS = "$(inherited) @executable_path/Frameworks @loader_path/Frameworks";
				PRODUCT_BUNDLE_IDENTIFIER = com.daleijn.NewsFeedTests;
				PRODUCT_NAME = "$(TARGET_NAME)";
				TEST_HOST = "$(BUILT_PRODUCTS_DIR)/NewsFeed.app/NewsFeed";
			};
			name = Debug;
		};
		FC4F09D21D1901D20016D984 /* Release */ = {
			isa = XCBuildConfiguration;
			buildSettings = {
				BUNDLE_LOADER = "$(TEST_HOST)";
				INFOPLIST_FILE = NewsFeedTests/Info.plist;
				LD_RUNPATH_SEARCH_PATHS = "$(inherited) @executable_path/Frameworks @loader_path/Frameworks";
				PRODUCT_BUNDLE_IDENTIFIER = com.daleijn.NewsFeedTests;
				PRODUCT_NAME = "$(TARGET_NAME)";
				TEST_HOST = "$(BUILT_PRODUCTS_DIR)/NewsFeed.app/NewsFeed";
			};
			name = Release;
		};
		FC4F09D41D1901D20016D984 /* Debug */ = {
			isa = XCBuildConfiguration;
			buildSettings = {
				INFOPLIST_FILE = NewsFeedUITests/Info.plist;
				LD_RUNPATH_SEARCH_PATHS = "$(inherited) @executable_path/Frameworks @loader_path/Frameworks";
				PRODUCT_BUNDLE_IDENTIFIER = com.daleijn.NewsFeedUITests;
				PRODUCT_NAME = "$(TARGET_NAME)";
				TEST_TARGET_NAME = NewsFeed;
			};
			name = Debug;
		};
		FC4F09D51D1901D20016D984 /* Release */ = {
			isa = XCBuildConfiguration;
			buildSettings = {
				INFOPLIST_FILE = NewsFeedUITests/Info.plist;
				LD_RUNPATH_SEARCH_PATHS = "$(inherited) @executable_path/Frameworks @loader_path/Frameworks";
				PRODUCT_BUNDLE_IDENTIFIER = com.daleijn.NewsFeedUITests;
				PRODUCT_NAME = "$(TARGET_NAME)";
				TEST_TARGET_NAME = NewsFeed;
			};
			name = Release;
		};
/* End XCBuildConfiguration section */

/* Begin XCConfigurationList section */
		FC4F099B1D1901D10016D984 /* Build configuration list for PBXProject "NewsFeed" */ = {
			isa = XCConfigurationList;
			buildConfigurations = (
				FC4F09CB1D1901D20016D984 /* Debug */,
				FC4F09CC1D1901D20016D984 /* Release */,
			);
			defaultConfigurationIsVisible = 0;
			defaultConfigurationName = Release;
		};
		FC4F09CD1D1901D20016D984 /* Build configuration list for PBXNativeTarget "NewsFeed" */ = {
			isa = XCConfigurationList;
			buildConfigurations = (
				FC4F09CE1D1901D20016D984 /* Debug */,
				FC4F09CF1D1901D20016D984 /* Release */,
			);
			defaultConfigurationIsVisible = 0;
		};
		FC4F09D01D1901D20016D984 /* Build configuration list for PBXNativeTarget "NewsFeedTests" */ = {
			isa = XCConfigurationList;
			buildConfigurations = (
				FC4F09D11D1901D20016D984 /* Debug */,
				FC4F09D21D1901D20016D984 /* Release */,
			);
			defaultConfigurationIsVisible = 0;
		};
		FC4F09D31D1901D20016D984 /* Build configuration list for PBXNativeTarget "NewsFeedUITests" */ = {
			isa = XCConfigurationList;
			buildConfigurations = (
				FC4F09D41D1901D20016D984 /* Debug */,
				FC4F09D51D1901D20016D984 /* Release */,
			);
			defaultConfigurationIsVisible = 0;
		};
/* End XCConfigurationList section */
	};
	rootObject = FC4F09981D1901D10016D984 /* Project object */;
}
